{
  "name": "codekit-project",
  "version": "1.0.0",
  "lockfileVersion": 1,
  "requires": true,
  "dependencies": {
    "flot": {
      "version": "4.2.0",
      "resolved": "https://registry.npmjs.org/flot/-/flot-4.2.0.tgz",
      "integrity": "sha512-Uy+0hPOpi8X2mvTG2MOnuI8fbQt5mz/vewyoxA5DZXWhYmywZS+PfFnLANb0Os5VXongqKos9ahF+Wu2U4Cp1g=="
    }
  }
}
